// !$*UTF8*$!
{
	archiveVersion = 1;
	classes = {
	};
	objectVersion = 46;
	objects = {

/* Begin PBXBuildFile section */
		F886497115B82E8F00073204 /* UIKit.framework in Frameworks */ = {isa = PBXBuildFile; fileRef = F886497015B82E8F00073204 /* UIKit.framework */; };
		F886497315B82E8F00073204 /* Foundation.framework in Frameworks */ = {isa = PBXBuildFile; fileRef = F886497215B82E8F00073204 /* Foundation.framework */; };
		F886497515B82E8F00073204 /* CoreGraphics.framework in Frameworks */ = {isa = PBXBuildFile; fileRef = F886497415B82E8F00073204 /* CoreGraphics.framework */; };
		F886497715B82E8F00073204 /* CoreData.framework in Frameworks */ = {isa = PBXBuildFile; fileRef = F886497615B82E8F00073204 /* CoreData.framework */; };
		F886497D15B82E8F00073204 /* InfoPlist.strings in Resources */ = {isa = PBXBuildFile; fileRef = F886497B15B82E8F00073204 /* InfoPlist.strings */; };
		F886497F15B82E8F00073204 /* main.m in Sources */ = {isa = PBXBuildFile; fileRef = F886497E15B82E8F00073204 /* main.m */; };
		F886498315B82E8F00073204 /* UCLAppDelegate.m in Sources */ = {isa = PBXBuildFile; fileRef = F886498215B82E8F00073204 /* UCLAppDelegate.m */; };
		F886498615B82E8F00073204 /* MainStoryboard.storyboard in Resources */ = {isa = PBXBuildFile; fileRef = F886498415B82E8F00073204 /* MainStoryboard.storyboard */; };
		F886498915B82E8F00073204 /* UniversalCombatLog.xcdatamodeld in Sources */ = {isa = PBXBuildFile; fileRef = F886498715B82E8F00073204 /* UniversalCombatLog.xcdatamodeld */; };
		F886498C15B82E8F00073204 /* UCLMasterViewController.m in Sources */ = {isa = PBXBuildFile; fileRef = F886498B15B82E8F00073204 /* UCLMasterViewController.m */; };
		F886498F15B82E8F00073204 /* UCLDetailViewController.m in Sources */ = {isa = PBXBuildFile; fileRef = F886498E15B82E8F00073204 /* UCLDetailViewController.m */; };
		F88649B915B8BEF000073204 /* UCLLogEvent.m in Sources */ = {isa = PBXBuildFile; fileRef = F88649B815B8BEF000073204 /* UCLLogEvent.m */; };
		F88649BC15B8C2D600073204 /* UCLEntity.m in Sources */ = {isa = PBXBuildFile; fileRef = F88649BB15B8C2D600073204 /* UCLEntity.m */; };
		F88649BF15B8C31900073204 /* UCLSpell.m in Sources */ = {isa = PBXBuildFile; fileRef = F88649BE15B8C31900073204 /* UCLSpell.m */; };
		F88649C215B9A06F00073204 /* UCLFight.m in Sources */ = {isa = PBXBuildFile; fileRef = F88649C115B9A06F00073204 /* UCLFight.m */; };
		F88649C515B9A9D900073204 /* UCLLogFile.m in Sources */ = {isa = PBXBuildFile; fileRef = F88649C415B9A9D900073204 /* UCLLogFile.m */; };
		F8FDE34115BDF8680094FE26 /* UCLLogFileLoader.m in Sources */ = {isa = PBXBuildFile; fileRef = F8FDE34015BDF8680094FE26 /* UCLLogFileLoader.m */; };
		F8FDE35E15BF60EF0094FE26 /* CombatLog.ucl in Resources */ = {isa = PBXBuildFile; fileRef = F8FDE35D15BF60EF0094FE26 /* CombatLog.ucl */; };
/* End PBXBuildFile section */

/* Begin PBXFileReference section */
		F886496C15B82E8F00073204 /* Combat Log.app */ = {isa = PBXFileReference; explicitFileType = wrapper.application; includeInIndex = 0; path = "Combat Log.app"; sourceTree = BUILT_PRODUCTS_DIR; };
		F886497015B82E8F00073204 /* UIKit.framework */ = {isa = PBXFileReference; lastKnownFileType = wrapper.framework; name = UIKit.framework; path = System/Library/Frameworks/UIKit.framework; sourceTree = SDKROOT; };
		F886497215B82E8F00073204 /* Foundation.framework */ = {isa = PBXFileReference; lastKnownFileType = wrapper.framework; name = Foundation.framework; path = System/Library/Frameworks/Foundation.framework; sourceTree = SDKROOT; };
		F886497415B82E8F00073204 /* CoreGraphics.framework */ = {isa = PBXFileReference; lastKnownFileType = wrapper.framework; name = CoreGraphics.framework; path = System/Library/Frameworks/CoreGraphics.framework; sourceTree = SDKROOT; };
		F886497615B82E8F00073204 /* CoreData.framework */ = {isa = PBXFileReference; lastKnownFileType = wrapper.framework; name = CoreData.framework; path = System/Library/Frameworks/CoreData.framework; sourceTree = SDKROOT; };
		F886497A15B82E8F00073204 /* UniversalCombatLog-Info.plist */ = {isa = PBXFileReference; lastKnownFileType = text.plist.xml; path = "UniversalCombatLog-Info.plist"; sourceTree = "<group>"; };
		F886497C15B82E8F00073204 /* en */ = {isa = PBXFileReference; lastKnownFileType = text.plist.strings; name = en; path = en.lproj/InfoPlist.strings; sourceTree = "<group>"; };
		F886497E15B82E8F00073204 /* main.m */ = {isa = PBXFileReference; lastKnownFileType = sourcecode.c.objc; path = main.m; sourceTree = "<group>"; };
		F886498015B82E8F00073204 /* UniversalCombatLog-Prefix.pch */ = {isa = PBXFileReference; lastKnownFileType = sourcecode.c.h; path = "UniversalCombatLog-Prefix.pch"; sourceTree = "<group>"; };
		F886498115B82E8F00073204 /* UCLAppDelegate.h */ = {isa = PBXFileReference; lastKnownFileType = sourcecode.c.h; path = UCLAppDelegate.h; sourceTree = "<group>"; };
		F886498215B82E8F00073204 /* UCLAppDelegate.m */ = {isa = PBXFileReference; lastKnownFileType = sourcecode.c.objc; path = UCLAppDelegate.m; sourceTree = "<group>"; };
		F886498515B82E8F00073204 /* en */ = {isa = PBXFileReference; lastKnownFileType = file.storyboard; name = en; path = en.lproj/MainStoryboard.storyboard; sourceTree = "<group>"; };
		F886498815B82E8F00073204 /* UniversalCombatLog.xcdatamodel */ = {isa = PBXFileReference; lastKnownFileType = wrapper.xcdatamodel; path = UniversalCombatLog.xcdatamodel; sourceTree = "<group>"; };
		F886498A15B82E8F00073204 /* UCLMasterViewController.h */ = {isa = PBXFileReference; lastKnownFileType = sourcecode.c.h; path = UCLMasterViewController.h; sourceTree = "<group>"; };
		F886498B15B82E8F00073204 /* UCLMasterViewController.m */ = {isa = PBXFileReference; lastKnownFileType = sourcecode.c.objc; path = UCLMasterViewController.m; sourceTree = "<group>"; };
		F886498D15B82E8F00073204 /* UCLDetailViewController.h */ = {isa = PBXFileReference; lastKnownFileType = sourcecode.c.h; path = UCLDetailViewController.h; sourceTree = "<group>"; };
		F886498E15B82E8F00073204 /* UCLDetailViewController.m */ = {isa = PBXFileReference; lastKnownFileType = sourcecode.c.objc; path = UCLDetailViewController.m; sourceTree = "<group>"; };
		F886499615B82E8F00073204 /* SenTestingKit.framework */ = {isa = PBXFileReference; lastKnownFileType = wrapper.framework; name = SenTestingKit.framework; path = Library/Frameworks/SenTestingKit.framework; sourceTree = DEVELOPER_DIR; };
		F88649B715B8BEF000073204 /* UCLLogEvent.h */ = {isa = PBXFileReference; fileEncoding = 4; lastKnownFileType = sourcecode.c.h; path = UCLLogEvent.h; sourceTree = "<group>"; };
		F88649B815B8BEF000073204 /* UCLLogEvent.m */ = {isa = PBXFileReference; fileEncoding = 4; lastKnownFileType = sourcecode.c.objc; path = UCLLogEvent.m; sourceTree = "<group>"; };
		F88649BA15B8C2D600073204 /* UCLEntity.h */ = {isa = PBXFileReference; fileEncoding = 4; lastKnownFileType = sourcecode.c.h; path = UCLEntity.h; sourceTree = "<group>"; };
		F88649BB15B8C2D600073204 /* UCLEntity.m */ = {isa = PBXFileReference; fileEncoding = 4; lastKnownFileType = sourcecode.c.objc; path = UCLEntity.m; sourceTree = "<group>"; };
		F88649BD15B8C31900073204 /* UCLSpell.h */ = {isa = PBXFileReference; fileEncoding = 4; lastKnownFileType = sourcecode.c.h; path = UCLSpell.h; sourceTree = "<group>"; };
		F88649BE15B8C31900073204 /* UCLSpell.m */ = {isa = PBXFileReference; fileEncoding = 4; lastKnownFileType = sourcecode.c.objc; path = UCLSpell.m; sourceTree = "<group>"; };
		F88649C015B9A06F00073204 /* UCLFight.h */ = {isa = PBXFileReference; fileEncoding = 4; lastKnownFileType = sourcecode.c.h; path = UCLFight.h; sourceTree = "<group>"; };
		F88649C115B9A06F00073204 /* UCLFight.m */ = {isa = PBXFileReference; fileEncoding = 4; lastKnownFileType = sourcecode.c.objc; path = UCLFight.m; sourceTree = "<group>"; };
		F88649C315B9A9D900073204 /* UCLLogFile.h */ = {isa = PBXFileReference; fileEncoding = 4; lastKnownFileType = sourcecode.c.h; path = UCLLogFile.h; sourceTree = "<group>"; };
		F88649C415B9A9D900073204 /* UCLLogFile.m */ = {isa = PBXFileReference; fileEncoding = 4; lastKnownFileType = sourcecode.c.objc; path = UCLLogFile.m; sourceTree = "<group>"; };
		F8FDE33F15BDF8680094FE26 /* UCLLogFileLoader.h */ = {isa = PBXFileReference; fileEncoding = 4; lastKnownFileType = sourcecode.c.h; path = UCLLogFileLoader.h; sourceTree = "<group>"; };
		F8FDE34015BDF8680094FE26 /* UCLLogFileLoader.m */ = {isa = PBXFileReference; fileEncoding = 4; lastKnownFileType = sourcecode.c.objc; path = UCLLogFileLoader.m; sourceTree = "<group>"; };
		F8FDE35D15BF60EF0094FE26 /* CombatLog.ucl */ = {isa = PBXFileReference; lastKnownFileType = file; path = CombatLog.ucl; sourceTree = "<group>"; };
/* End PBXFileReference section */

/* Begin PBXFrameworksBuildPhase section */
		F886496915B82E8F00073204 /* Frameworks */ = {
			isa = PBXFrameworksBuildPhase;
			buildActionMask = 2147483647;
			files = (
				F886497115B82E8F00073204 /* UIKit.framework in Frameworks */,
				F886497315B82E8F00073204 /* Foundation.framework in Frameworks */,
				F886497515B82E8F00073204 /* CoreGraphics.framework in Frameworks */,
				F886497715B82E8F00073204 /* CoreData.framework in Frameworks */,
			);
			runOnlyForDeploymentPostprocessing = 0;
		};
/* End PBXFrameworksBuildPhase section */

/* Begin PBXGroup section */
		F886496115B82E8F00073204 = {
			isa = PBXGroup;
			children = (
				F886497815B82E8F00073204 /* UniversalCombatLog */,
				F886496F15B82E8F00073204 /* Frameworks */,
				F886496D15B82E8F00073204 /* Products */,
			);
			sourceTree = "<group>";
		};
		F886496D15B82E8F00073204 /* Products */ = {
			isa = PBXGroup;
			children = (
				F886496C15B82E8F00073204 /* Combat Log.app */,
			);
			name = Products;
			sourceTree = "<group>";
		};
		F886496F15B82E8F00073204 /* Frameworks */ = {
			isa = PBXGroup;
			children = (
				F886497015B82E8F00073204 /* UIKit.framework */,
				F886497215B82E8F00073204 /* Foundation.framework */,
				F886497415B82E8F00073204 /* CoreGraphics.framework */,
				F886497615B82E8F00073204 /* CoreData.framework */,
				F886499615B82E8F00073204 /* SenTestingKit.framework */,
			);
			name = Frameworks;
			sourceTree = "<group>";
		};
		F886497815B82E8F00073204 /* UniversalCombatLog */ = {
			isa = PBXGroup;
			children = (
				F8FDE33D15BDF8210094FE26 /* Data Storage */,
				F88649B615B8BEA800073204 /* Model */,
				F886498115B82E8F00073204 /* UCLAppDelegate.h */,
				F886498215B82E8F00073204 /* UCLAppDelegate.m */,
				F886498415B82E8F00073204 /* MainStoryboard.storyboard */,
				F886498A15B82E8F00073204 /* UCLMasterViewController.h */,
				F886498B15B82E8F00073204 /* UCLMasterViewController.m */,
				F886498D15B82E8F00073204 /* UCLDetailViewController.h */,
				F886498E15B82E8F00073204 /* UCLDetailViewController.m */,
				F886498715B82E8F00073204 /* UniversalCombatLog.xcdatamodeld */,
				F886497915B82E8F00073204 /* Supporting Files */,
			);
			path = UniversalCombatLog;
			sourceTree = "<group>";
		};
		F886497915B82E8F00073204 /* Supporting Files */ = {
			isa = PBXGroup;
			children = (
				F8FDE35D15BF60EF0094FE26 /* CombatLog.ucl */,
				F886497A15B82E8F00073204 /* UniversalCombatLog-Info.plist */,
				F886497B15B82E8F00073204 /* InfoPlist.strings */,
				F886497E15B82E8F00073204 /* main.m */,
				F886498015B82E8F00073204 /* UniversalCombatLog-Prefix.pch */,
			);
			name = "Supporting Files";
			sourceTree = "<group>";
		};
		F88649B615B8BEA800073204 /* Model */ = {
			isa = PBXGroup;
			children = (
				F88649BA15B8C2D600073204 /* UCLEntity.h */,
				F88649BB15B8C2D600073204 /* UCLEntity.m */,
				F88649C015B9A06F00073204 /* UCLFight.h */,
				F88649C115B9A06F00073204 /* UCLFight.m */,
				F88649B715B8BEF000073204 /* UCLLogEvent.h */,
				F88649B815B8BEF000073204 /* UCLLogEvent.m */,
				F88649C315B9A9D900073204 /* UCLLogFile.h */,
				F88649C415B9A9D900073204 /* UCLLogFile.m */,
				F88649BD15B8C31900073204 /* UCLSpell.h */,
				F88649BE15B8C31900073204 /* UCLSpell.m */,
			);
			name = Model;
			sourceTree = "<group>";
		};
		F8FDE33D15BDF8210094FE26 /* Data Storage */ = {
			isa = PBXGroup;
			children = (
				F8FDE33F15BDF8680094FE26 /* UCLLogFileLoader.h */,
				F8FDE34015BDF8680094FE26 /* UCLLogFileLoader.m */,
			);
			name = "Data Storage";
			sourceTree = "<group>";
		};
/* End PBXGroup section */

/* Begin PBXNativeTarget section */
		F886496B15B82E8F00073204 /* UniversalCombatLog */ = {
			isa = PBXNativeTarget;
			buildConfigurationList = F88649A815B82E8F00073204 /* Build configuration list for PBXNativeTarget "UniversalCombatLog" */;
			buildPhases = (
				F886496815B82E8F00073204 /* Sources */,
				F886496915B82E8F00073204 /* Frameworks */,
				F886496A15B82E8F00073204 /* Resources */,
			);
			buildRules = (
			);
			dependencies = (
			);
			name = UniversalCombatLog;
			productName = UniversalCombatLog;
			productReference = F886496C15B82E8F00073204 /* Combat Log.app */;
			productType = "com.apple.product-type.application";
		};
/* End PBXNativeTarget section */

/* Begin PBXProject section */
		F886496315B82E8F00073204 /* Project object */ = {
			isa = PBXProject;
			attributes = {
				CLASSPREFIX = UCL;
				LastUpgradeCheck = 0430;
			};
			buildConfigurationList = F886496615B82E8F00073204 /* Build configuration list for PBXProject "UniversalCombatLog" */;
			compatibilityVersion = "Xcode 3.2";
			developmentRegion = English;
			hasScannedForEncodings = 0;
			knownRegions = (
				en,
			);
			mainGroup = F886496115B82E8F00073204;
			productRefGroup = F886496D15B82E8F00073204 /* Products */;
			projectDirPath = "";
			projectRoot = "";
			targets = (
				F886496B15B82E8F00073204 /* UniversalCombatLog */,
			);
		};
/* End PBXProject section */

/* Begin PBXResourcesBuildPhase section */
		F886496A15B82E8F00073204 /* Resources */ = {
			isa = PBXResourcesBuildPhase;
			buildActionMask = 2147483647;
			files = (
				F886497D15B82E8F00073204 /* InfoPlist.strings in Resources */,
				F886498615B82E8F00073204 /* MainStoryboard.storyboard in Resources */,
				F8FDE35E15BF60EF0094FE26 /* CombatLog.ucl in Resources */,
			);
			runOnlyForDeploymentPostprocessing = 0;
		};
/* End PBXResourcesBuildPhase section */

/* Begin PBXSourcesBuildPhase section */
		F886496815B82E8F00073204 /* Sources */ = {
			isa = PBXSourcesBuildPhase;
			buildActionMask = 2147483647;
			files = (
				F886497F15B82E8F00073204 /* main.m in Sources */,
				F886498315B82E8F00073204 /* UCLAppDelegate.m in Sources */,
				F886498915B82E8F00073204 /* UniversalCombatLog.xcdatamodeld in Sources */,
				F886498C15B82E8F00073204 /* UCLMasterViewController.m in Sources */,
				F886498F15B82E8F00073204 /* UCLDetailViewController.m in Sources */,
				F88649B915B8BEF000073204 /* UCLLogEvent.m in Sources */,
				F88649BC15B8C2D600073204 /* UCLEntity.m in Sources */,
				F88649BF15B8C31900073204 /* UCLSpell.m in Sources */,
				F88649C215B9A06F00073204 /* UCLFight.m in Sources */,
				F88649C515B9A9D900073204 /* UCLLogFile.m in Sources */,
				F8FDE34115BDF8680094FE26 /* UCLLogFileLoader.m in Sources */,
			);
			runOnlyForDeploymentPostprocessing = 0;
		};
/* End PBXSourcesBuildPhase section */

/* Begin PBXVariantGroup section */
		F886497B15B82E8F00073204 /* InfoPlist.strings */ = {
			isa = PBXVariantGroup;
			children = (
				F886497C15B82E8F00073204 /* en */,
			);
			name = InfoPlist.strings;
			sourceTree = "<group>";
		};
		F886498415B82E8F00073204 /* MainStoryboard.storyboard */ = {
			isa = PBXVariantGroup;
			children = (
				F886498515B82E8F00073204 /* en */,
			);
			name = MainStoryboard.storyboard;
			sourceTree = "<group>";
		};
/* End PBXVariantGroup section */

/* Begin XCBuildConfiguration section */
		F88649A615B82E8F00073204 /* Debug */ = {
			isa = XCBuildConfiguration;
			buildSettings = {
				ALWAYS_SEARCH_USER_PATHS = NO;
				ARCHS = "$(ARCHS_STANDARD_32_BIT)";
				CLANG_ENABLE_OBJC_ARC = YES;
				"CODE_SIGN_IDENTITY[sdk=iphoneos*]" = "iPhone Developer";
				COPY_PHASE_STRIP = NO;
				GCC_C_LANGUAGE_STANDARD = gnu99;
				GCC_DYNAMIC_NO_PIC = NO;
				GCC_OPTIMIZATION_LEVEL = 0;
				GCC_PREPROCESSOR_DEFINITIONS = (
					"DEBUG=1",
					"$(inherited)",
				);
				GCC_SYMBOLS_PRIVATE_EXTERN = NO;
				GCC_VERSION = com.apple.compilers.llvm.clang.1_0;
				GCC_WARN_ABOUT_RETURN_TYPE = YES;
				GCC_WARN_UNINITIALIZED_AUTOS = YES;
				GCC_WARN_UNUSED_VARIABLE = YES;
				IPHONEOS_DEPLOYMENT_TARGET = 5.1;
				SDKROOT = iphoneos;
				TARGETED_DEVICE_FAMILY = 2;
			};
			name = Debug;
		};
		F88649A715B82E8F00073204 /* Release */ = {
			isa = XCBuildConfiguration;
			buildSettings = {
				ALWAYS_SEARCH_USER_PATHS = NO;
				ARCHS = "$(ARCHS_STANDARD_32_BIT)";
				CLANG_ENABLE_OBJC_ARC = YES;
				"CODE_SIGN_IDENTITY[sdk=iphoneos*]" = "iPhone Developer";
				COPY_PHASE_STRIP = YES;
				GCC_C_LANGUAGE_STANDARD = gnu99;
				GCC_VERSION = com.apple.compilers.llvm.clang.1_0;
				GCC_WARN_ABOUT_RETURN_TYPE = YES;
				GCC_WARN_UNINITIALIZED_AUTOS = YES;
				GCC_WARN_UNUSED_VARIABLE = YES;
				IPHONEOS_DEPLOYMENT_TARGET = 5.1;
				OTHER_CFLAGS = "-DNS_BLOCK_ASSERTIONS=1";
				SDKROOT = iphoneos;
				TARGETED_DEVICE_FAMILY = 2;
				VALIDATE_PRODUCT = YES;
			};
			name = Release;
		};
		F88649A915B82E8F00073204 /* Debug */ = {
			isa = XCBuildConfiguration;
			buildSettings = {
				GCC_PRECOMPILE_PREFIX_HEADER = YES;
				GCC_PREFIX_HEADER = "UniversalCombatLog/UniversalCombatLog-Prefix.pch";
				INFOPLIST_FILE = "UniversalCombatLog/UniversalCombatLog-Info.plist";
				PRODUCT_NAME = "$(TARGET_NAME)";
				WRAPPER_EXTENSION = app;
			};
			name = Debug;
		};
		F88649AA15B82E8F00073204 /* Release */ = {
			isa = XCBuildConfiguration;
			buildSettings = {
				GCC_PRECOMPILE_PREFIX_HEADER = YES;
				GCC_PREFIX_HEADER = "UniversalCombatLog/UniversalCombatLog-Prefix.pch";
				INFOPLIST_FILE = "UniversalCombatLog/UniversalCombatLog-Info.plist";
				PRODUCT_NAME = "$(TARGET_NAME)";
				WRAPPER_EXTENSION = app;
			};
			name = Release;
		};
/* End XCBuildConfiguration section */

/* Begin XCConfigurationList section */
		F886496615B82E8F00073204 /* Build configuration list for PBXProject "UniversalCombatLog" */ = {
			isa = XCConfigurationList;
			buildConfigurations = (
				F88649A615B82E8F00073204 /* Debug */,
				F88649A715B82E8F00073204 /* Release */,
			);
			defaultConfigurationIsVisible = 0;
			defaultConfigurationName = Release;
		};
		F88649A815B82E8F00073204 /* Build configuration list for PBXNativeTarget "UniversalCombatLog" */ = {
			isa = XCConfigurationList;
			buildConfigurations = (
				F88649A915B82E8F00073204 /* Debug */,
				F88649AA15B82E8F00073204 /* Release */,
			);
			defaultConfigurationIsVisible = 0;
			defaultConfigurationName = Release;
		};
/* End XCConfigurationList section */

/* Begin XCVersionGroup section */
		F886498715B82E8F00073204 /* UniversalCombatLog.xcdatamodeld */ = {
			isa = XCVersionGroup;
			children = (
				F886498815B82E8F00073204 /* UniversalCombatLog.xcdatamodel */,
			);
			currentVersion = F886498815B82E8F00073204 /* UniversalCombatLog.xcdatamodel */;
			path = UniversalCombatLog.xcdatamodeld;
			sourceTree = "<group>";
			versionGroupType = wrapper.xcdatamodel;
		};
/* End XCVersionGroup section */
	};
	rootObject = F886496315B82E8F00073204 /* Project object */;
}
